// !$*UTF8*$!
{
	archiveVersion = 1;
	classes = {
	};
	objectVersion = 46;
	objects = {

/* Begin PBXBuildFile section */
		442143461C864A520055B897 /* Launch Screen.storyboard in Resources */ = {isa = PBXBuildFile; fileRef = 442143451C864A520055B897 /* Launch Screen.storyboard */; };
		448DA3D219916000003B7962 /* AppDelegate.swift in Sources */ = {isa = PBXBuildFile; fileRef = 448DA3D119916000003B7962 /* AppDelegate.swift */; };
		448DA3D419916000003B7962 /* ViewController.swift in Sources */ = {isa = PBXBuildFile; fileRef = 448DA3D319916000003B7962 /* ViewController.swift */; };
		448DA3D719916000003B7962 /* Main.storyboard in Resources */ = {isa = PBXBuildFile; fileRef = 448DA3D519916000003B7962 /* Main.storyboard */; };
		448DA3D919916001003B7962 /* Images.xcassets in Resources */ = {isa = PBXBuildFile; fileRef = 448DA3D819916001003B7962 /* Images.xcassets */; };
		448DA3F119916903003B7962 /* Knob.swift in Sources */ = {isa = PBXBuildFile; fileRef = 448DA3F019916903003B7962 /* Knob.swift */; };
/* End PBXBuildFile section */

/* Begin PBXFileReference section */
		442143451C864A520055B897 /* Launch Screen.storyboard */ = {isa = PBXFileReference; fileEncoding = 4; lastKnownFileType = file.storyboard; path = "Launch Screen.storyboard"; sourceTree = "<group>"; };
		448DA3CC19916000003B7962 /* CustomKnob.app */ = {isa = PBXFileReference; explicitFileType = wrapper.application; includeInIndex = 0; path = CustomKnob.app; sourceTree = BUILT_PRODUCTS_DIR; };
		448DA3D019916000003B7962 /* Info.plist */ = {isa = PBXFileReference; lastKnownFileType = text.plist.xml; path = Info.plist; sourceTree = "<group>"; };
		448DA3D119916000003B7962 /* AppDelegate.swift */ = {isa = PBXFileReference; lastKnownFileType = sourcecode.swift; path = AppDelegate.swift; sourceTree = "<group>"; };
		448DA3D319916000003B7962 /* ViewController.swift */ = {isa = PBXFileReference; lastKnownFileType = sourcecode.swift; path = ViewController.swift; sourceTree = "<group>"; };
		448DA3D619916000003B7962 /* Base */ = {isa = PBXFileReference; lastKnownFileType = file.storyboard; name = Base; path = Base.lproj/Main.storyboard; sourceTree = "<group>"; };
		448DA3D819916001003B7962 /* Images.xcassets */ = {isa = PBXFileReference; lastKnownFileType = folder.assetcatalog; path = Images.xcassets; sourceTree = "<group>"; };
		448DA3F019916903003B7962 /* Knob.swift */ = {isa = PBXFileReference; fileEncoding = 4; lastKnownFileType = sourcecode.swift; path = Knob.swift; sourceTree = "<group>"; };
/* End PBXFileReference section */

/* Begin PBXFrameworksBuildPhase section */
		448DA3C919916000003B7962 /* Frameworks */ = {
			isa = PBXFrameworksBuildPhase;
			buildActionMask = 2147483647;
			files = (
			);
			runOnlyForDeploymentPostprocessing = 0;
		};
/* End PBXFrameworksBuildPhase section */

/* Begin PBXGroup section */
		448DA3C319916000003B7962 = {
			isa = PBXGroup;
			children = (
				448DA3CE19916000003B7962 /* CustomKnob */,
				448DA3CD19916000003B7962 /* Products */,
			);
			sourceTree = "<group>";
		};
		448DA3CD19916000003B7962 /* Products */ = {
			isa = PBXGroup;
			children = (
				448DA3CC19916000003B7962 /* CustomKnob.app */,
			);
			name = Products;
			sourceTree = "<group>";
		};
		448DA3CE19916000003B7962 /* CustomKnob */ = {
			isa = PBXGroup;
			children = (
				448DA3D519916000003B7962 /* Main.storyboard */,
				448DA3D319916000003B7962 /* ViewController.swift */,
				448DA3F019916903003B7962 /* Knob.swift */,
				448DA3CF19916000003B7962 /* Supporting Files */,
			);
			path = CustomKnob;
			sourceTree = "<group>";
		};
		448DA3CF19916000003B7962 /* Supporting Files */ = {
			isa = PBXGroup;
			children = (
				448DA3D119916000003B7962 /* AppDelegate.swift */,
				442143451C864A520055B897 /* Launch Screen.storyboard */,
				448DA3D819916001003B7962 /* Images.xcassets */,
				448DA3D019916000003B7962 /* Info.plist */,
			);
			name = "Supporting Files";
			sourceTree = "<group>";
		};
/* End PBXGroup section */

/* Begin PBXNativeTarget section */
		448DA3CB19916000003B7962 /* CustomKnob */ = {
			isa = PBXNativeTarget;
			buildConfigurationList = 448DA3E819916001003B7962 /* Build configuration list for PBXNativeTarget "CustomKnob" */;
			buildPhases = (
				448DA3C819916000003B7962 /* Sources */,
				448DA3C919916000003B7962 /* Frameworks */,
				448DA3CA19916000003B7962 /* Resources */,
			);
			buildRules = (
			);
			dependencies = (
			);
			name = CustomKnob;
			productName = CustomKnob;
			productReference = 448DA3CC19916000003B7962 /* CustomKnob.app */;
			productType = "com.apple.product-type.application";
		};
/* End PBXNativeTarget section */

/* Begin PBXProject section */
		448DA3C419916000003B7962 /* Project object */ = {
			isa = PBXProject;
			attributes = {
				LastSwiftMigration = 0720;
				LastSwiftUpdateCheck = 0720;
				LastUpgradeCheck = 0830;
				ORGANIZATIONNAME = "Nikita Kukushkin";
				TargetAttributes = {
					448DA3CB19916000003B7962 = {
						CreatedOnToolsVersion = 6.0;
						DevelopmentTeam = 4X647CT243;
						LastSwiftMigration = 0830;
					};
				};
			};
			buildConfigurationList = 448DA3C719916000003B7962 /* Build configuration list for PBXProject "CustomKnob" */;
			compatibilityVersion = "Xcode 3.2";
			developmentRegion = English;
			hasScannedForEncodings = 0;
			knownRegions = (
				en,
				Base,
			);
			mainGroup = 448DA3C319916000003B7962;
			productRefGroup = 448DA3CD19916000003B7962 /* Products */;
			projectDirPath = "";
			projectRoot = "";
			targets = (
				448DA3CB19916000003B7962 /* CustomKnob */,
			);
		};
/* End PBXProject section */

/* Begin PBXResourcesBuildPhase section */
		448DA3CA19916000003B7962 /* Resources */ = {
			isa = PBXResourcesBuildPhase;
			buildActionMask = 2147483647;
			files = (
				442143461C864A520055B897 /* Launch Screen.storyboard in Resources */,
				448DA3D719916000003B7962 /* Main.storyboard in Resources */,
				448DA3D919916001003B7962 /* Images.xcassets in Resources */,
			);
			runOnlyForDeploymentPostprocessing = 0;
		};
/* End PBXResourcesBuildPhase section */

/* Begin PBXSourcesBuildPhase section */
		448DA3C819916000003B7962 /* Sources */ = {
			isa = PBXSourcesBuildPhase;
			buildActionMask = 2147483647;
			files = (
				448DA3D419916000003B7962 /* ViewController.swift in Sources */,
				448DA3F119916903003B7962 /* Knob.swift in Sources */,
				448DA3D219916000003B7962 /* AppDelegate.swift in Sources */,
			);
			runOnlyForDeploymentPostprocessing = 0;
		};
/* End PBXSourcesBuildPhase section */

/* Begin PBXVariantGroup section */
		448DA3D519916000003B7962 /* Main.storyboard */ = {
			isa = PBXVariantGroup;
			children = (
				448DA3D619916000003B7962 /* Base */,
			);
			name = Main.storyboard;
			sourceTree = "<group>";
		};
/* End PBXVariantGroup section */

/* Begin XCBuildConfiguration section */
		448DA3E619916001003B7962 /* Debug */ = {
			isa = XCBuildConfiguration;
			buildSettings = {
				ALWAYS_SEARCH_USER_PATHS = NO;
				CLANG_CXX_LANGUAGE_STANDARD = "gnu++0x";
				CLANG_CXX_LIBRARY = "libc++";
				CLANG_ENABLE_MODULES = YES;
				CLANG_ENABLE_OBJC_ARC = YES;
				CLANG_WARN_BOOL_CONVERSION = YES;
				CLANG_WARN_CONSTANT_CONVERSION = YES;
				CLANG_WARN_DIRECT_OBJC_ISA_USAGE = YES_ERROR;
				CLANG_WARN_EMPTY_BODY = YES;
				CLANG_WARN_ENUM_CONVERSION = YES;
				CLANG_WARN_INFINITE_RECURSION = YES;
				CLANG_WARN_INT_CONVERSION = YES;
				CLANG_WARN_OBJC_ROOT_CLASS = YES_ERROR;
				CLANG_WARN_SUSPICIOUS_MOVE = YES;
				CLANG_WARN_UNREACHABLE_CODE = YES;
				CLANG_WARN__DUPLICATE_METHOD_MATCH = YES;
				"CODE_SIGN_IDENTITY[sdk=iphoneos*]" = "iPhone Developer";
				COPY_PHASE_STRIP = NO;
				ENABLE_STRICT_OBJC_MSGSEND = YES;
				ENABLE_TESTABILITY = YES;
				GCC_C_LANGUAGE_STANDARD = gnu99;
				GCC_DYNAMIC_NO_PIC = NO;
				GCC_NO_COMMON_BLOCKS = YES;
				GCC_OPTIMIZATION_LEVEL = 0;
				GCC_PREPROCESSOR_DEFINITIONS = (
					"DEBUG=1",
					"$(inherited)",
				);
				GCC_SYMBOLS_PRIVATE_EXTERN = NO;
				GCC_WARN_64_TO_32_BIT_CONVERSION = YES;
				GCC_WARN_ABOUT_RETURN_TYPE = YES_ERROR;
				GCC_WARN_UNDECLARED_SELECTOR = YES;
				GCC_WARN_UNINITIALIZED_AUTOS = YES_AGGRESSIVE;
				GCC_WARN_UNUSED_FUNCTION = YES;
				GCC_WARN_UNUSED_VARIABLE = YES;
				IPHONEOS_DEPLOYMENT_TARGET = 8.0;
				MTL_ENABLE_DEBUG_INFO = YES;
				ONLY_ACTIVE_ARCH = YES;
				SDKROOT = iphoneos;
				SWIFT_OPTIMIZATION_LEVEL = "-Onone";
			};
			name = Debug;
		};
		448DA3E719916001003B7962 /* Release */ = {
			isa = XCBuildConfiguration;
			buildSettings = {
				ALWAYS_SEARCH_USER_PATHS = NO;
				CLANG_CXX_LANGUAGE_STANDARD = "gnu++0x";
				CLANG_CXX_LIBRARY = "libc++";
				CLANG_ENABLE_MODULES = YES;
				CLANG_ENABLE_OBJC_ARC = YES;
				CLANG_WARN_BOOL_CONVERSION = YES;
				CLANG_WARN_CONSTANT_CONVERSION = YES;
				CLANG_WARN_DIRECT_OBJC_ISA_USAGE = YES_ERROR;
				CLANG_WARN_EMPTY_BODY = YES;
				CLANG_WARN_ENUM_CONVERSION = YES;
				CLANG_WARN_INFINITE_RECURSION = YES;
				CLANG_WARN_INT_CONVERSION = YES;
				CLANG_WARN_OBJC_ROOT_CLASS = YES_ERROR;
				CLANG_WARN_SUSPICIOUS_MOVE = YES;
				CLANG_WARN_UNREACHABLE_CODE = YES;
				CLANG_WARN__DUPLICATE_METHOD_MATCH = YES;
				"CODE_SIGN_IDENTITY[sdk=iphoneos*]" = "iPhone Developer";
				COPY_PHASE_STRIP = YES;
				ENABLE_NS_ASSERTIONS = NO;
				ENABLE_STRICT_OBJC_MSGSEND = YES;
				GCC_C_LANGUAGE_STANDARD = gnu99;
				GCC_NO_COMMON_BLOCKS = YES;
				GCC_WARN_64_TO_32_BIT_CONVERSION = YES;
				GCC_WARN_ABOUT_RETURN_TYPE = YES_ERROR;
				GCC_WARN_UNDECLARED_SELECTOR = YES;
				GCC_WARN_UNINITIALIZED_AUTOS = YES_AGGRESSIVE;
				GCC_WARN_UNUSED_FUNCTION = YES;
				GCC_WARN_UNUSED_VARIABLE = YES;
				IPHONEOS_DEPLOYMENT_TARGET = 8.0;
				MTL_ENABLE_DEBUG_INFO = NO;
				SDKROOT = iphoneos;
				SWIFT_OPTIMIZATION_LEVEL = "-Owholemodule";
				VALIDATE_PRODUCT = YES;
			};
			name = Release;
		};
		448DA3E919916001003B7962 /* Debug */ = {
			isa = XCBuildConfiguration;
			buildSettings = {
				ASSETCATALOG_COMPILER_APPICON_NAME = AppIcon;
				ASSETCATALOG_COMPILER_LAUNCHIMAGE_NAME = LaunchImage;
				CLANG_ENABLE_MODULES = YES;
				DEVELOPMENT_TEAM = 4X647CT243;
				INFOPLIST_FILE = CustomKnob/Info.plist;
				IPHONEOS_DEPLOYMENT_TARGET = 9.0;
				LD_RUNPATH_SEARCH_PATHS = "$(inherited) @executable_path/Frameworks";
				PRODUCT_BUNDLE_IDENTIFIER = "com.nkukushkin.$(PRODUCT_NAME:rfc1034identifier)";
				PRODUCT_NAME = "$(TARGET_NAME)";
				SWIFT_OPTIMIZATION_LEVEL = "-Onone";
				SWIFT_VERSION = 3.0;
			};
			name = Debug;
		};
		448DA3EA19916001003B7962 /* Release */ = {
			isa = XCBuildConfiguration;
			buildSettings = {
				ASSETCATALOG_COMPILER_APPICON_NAME = AppIcon;
				ASSETCATALOG_COMPILER_LAUNCHIMAGE_NAME = LaunchImage;
				CLANG_ENABLE_MODULES = YES;
				DEVELOPMENT_TEAM = 4X647CT243;
				INFOPLIST_FILE = CustomKnob/Info.plist;
				IPHONEOS_DEPLOYMENT_TARGET = 9.0;
				LD_RUNPATH_SEARCH_PATHS = "$(inherited) @executable_path/Frameworks";
				PRODUCT_BUNDLE_IDENTIFIER = "com.nkukushkin.$(PRODUCT_NAME:rfc1034identifier)";
				PRODUCT_NAME = "$(TARGET_NAME)";
				SWIFT_VERSION = 3.0;
			};
			name = Release;
		};
/* End XCBuildConfiguration section */

/* Begin XCConfigurationList section */
		448DA3C719916000003B7962 /* Build configuration list for PBXProject "CustomKnob" */ = {
			isa = XCConfigurationList;
			buildConfigurations = (
				448DA3E619916001003B7962 /* Debug */,
				448DA3E719916001003B7962 /* Release */,
			);
			defaultConfigurationIsVisible = 0;
			defaultConfigurationName = Release;
		};
		448DA3E819916001003B7962 /* Build configuration list for PBXNativeTarget "CustomKnob" */ = {
			isa = XCConfigurationList;
			buildConfigurations = (
				448DA3E919916001003B7962 /* Debug */,
				448DA3EA19916001003B7962 /* Release */,
			);
			defaultConfigurationIsVisible = 0;
			defaultConfigurationName = Release;
		};
/* End XCConfigurationList section */
	};
	rootObject = 448DA3C419916000003B7962 /* Project object */;
}
